// !$*UTF8*$!
{
	archiveVersion = 1;
	classes = {
	};
	objectVersion = 46;
	objects = {

/* Begin PBXBuildFile section */
		DA2CA4E61F053D4B0050F850 /* AppDelegate.swift in Sources */ = {isa = PBXBuildFile; fileRef = DA2CA4E51F053D4B0050F850 /* AppDelegate.swift */; };
		DA2CA4E81F053D4B0050F850 /* ViewController.swift in Sources */ = {isa = PBXBuildFile; fileRef = DA2CA4E71F053D4B0050F850 /* ViewController.swift */; };
		DA2CA4EB1F053D4B0050F850 /* Main.storyboard in Resources */ = {isa = PBXBuildFile; fileRef = DA2CA4E91F053D4B0050F850 /* Main.storyboard */; };
		DA2CA4ED1F053D4C0050F850 /* Assets.xcassets in Resources */ = {isa = PBXBuildFile; fileRef = DA2CA4EC1F053D4C0050F850 /* Assets.xcassets */; };
		DA2CA4F01F053D4C0050F850 /* LaunchScreen.storyboard in Resources */ = {isa = PBXBuildFile; fileRef = DA2CA4EE1F053D4C0050F850 /* LaunchScreen.storyboard */; };
		DA2CA4F81F053DB50050F850 /* RecorderManager.swift in Sources */ = {isa = PBXBuildFile; fileRef = DA2CA4F71F053DB50050F850 /* RecorderManager.swift */; };
		DA2CA4FC1F053DDB0050F850 /* AudioToolbox.framework in Frameworks */ = {isa = PBXBuildFile; fileRef = DA2CA4FB1F053DDB0050F850 /* AudioToolbox.framework */; };
/* End PBXBuildFile section */

/* Begin PBXFileReference section */
		DA2CA4E21F053D4B0050F850 /* RecordingAudio.app */ = {isa = PBXFileReference; explicitFileType = wrapper.application; includeInIndex = 0; path = RecordingAudio.app; sourceTree = BUILT_PRODUCTS_DIR; };
		DA2CA4E51F053D4B0050F850 /* AppDelegate.swift */ = {isa = PBXFileReference; lastKnownFileType = sourcecode.swift; path = AppDelegate.swift; sourceTree = "<group>"; };
		DA2CA4E71F053D4B0050F850 /* ViewController.swift */ = {isa = PBXFileReference; lastKnownFileType = sourcecode.swift; path = ViewController.swift; sourceTree = "<group>"; };
		DA2CA4EA1F053D4B0050F850 /* Base */ = {isa = PBXFileReference; lastKnownFileType = file.storyboard; name = Base; path = Base.lproj/Main.storyboard; sourceTree = "<group>"; };
		DA2CA4EC1F053D4C0050F850 /* Assets.xcassets */ = {isa = PBXFileReference; lastKnownFileType = folder.assetcatalog; path = Assets.xcassets; sourceTree = "<group>"; };
		DA2CA4EF1F053D4C0050F850 /* Base */ = {isa = PBXFileReference; lastKnownFileType = file.storyboard; name = Base; path = Base.lproj/LaunchScreen.storyboard; sourceTree = "<group>"; };
		DA2CA4F11F053D4C0050F850 /* Info.plist */ = {isa = PBXFileReference; lastKnownFileType = text.plist.xml; path = Info.plist; sourceTree = "<group>"; };
		DA2CA4F71F053DB50050F850 /* RecorderManager.swift */ = {isa = PBXFileReference; fileEncoding = 4; lastKnownFileType = sourcecode.swift; path = RecorderManager.swift; sourceTree = "<group>"; };
		DA2CA4F91F053DDB0050F850 /* RecordingAudio.entitlements */ = {isa = PBXFileReference; lastKnownFileType = text.plist.entitlements; path = RecordingAudio.entitlements; sourceTree = "<group>"; };
		DA2CA4FB1F053DDB0050F850 /* AudioToolbox.framework */ = {isa = PBXFileReference; lastKnownFileType = wrapper.framework; name = AudioToolbox.framework; path = System/Library/Frameworks/AudioToolbox.framework; sourceTree = SDKROOT; };
/* End PBXFileReference section */

/* Begin PBXFrameworksBuildPhase section */
		DA2CA4DF1F053D4B0050F850 /* Frameworks */ = {
			isa = PBXFrameworksBuildPhase;
			buildActionMask = 2147483647;
			files = (
				DA2CA4FC1F053DDB0050F850 /* AudioToolbox.framework in Frameworks */,
			);
			runOnlyForDeploymentPostprocessing = 0;
		};
/* End PBXFrameworksBuildPhase section */

/* Begin PBXGroup section */
		DA2CA4D91F053D4B0050F850 = {
			isa = PBXGroup;
			children = (
				DA2CA4E41F053D4B0050F850 /* RecordingAudio */,
				DA2CA4E31F053D4B0050F850 /* Products */,
				DA2CA4FA1F053DDB0050F850 /* Frameworks */,
			);
			sourceTree = "<group>";
		};
		DA2CA4E31F053D4B0050F850 /* Products */ = {
			isa = PBXGroup;
			children = (
				DA2CA4E21F053D4B0050F850 /* RecordingAudio.app */,
			);
			name = Products;
			sourceTree = "<group>";
		};
		DA2CA4E41F053D4B0050F850 /* RecordingAudio */ = {
			isa = PBXGroup;
			children = (
				DA2CA4F91F053DDB0050F850 /* RecordingAudio.entitlements */,
				DA2CA4E51F053D4B0050F850 /* AppDelegate.swift */,
				DA2CA4E71F053D4B0050F850 /* ViewController.swift */,
				DA2CA4F71F053DB50050F850 /* RecorderManager.swift */,
				DA2CA4E91F053D4B0050F850 /* Main.storyboard */,
				DA2CA4EC1F053D4C0050F850 /* Assets.xcassets */,
				DA2CA4EE1F053D4C0050F850 /* LaunchScreen.storyboard */,
				DA2CA4F11F053D4C0050F850 /* Info.plist */,
			);
			path = RecordingAudio;
			sourceTree = "<group>";
		};
		DA2CA4FA1F053DDB0050F850 /* Frameworks */ = {
			isa = PBXGroup;
			children = (
				DA2CA4FB1F053DDB0050F850 /* AudioToolbox.framework */,
			);
			name = Frameworks;
			sourceTree = "<group>";
		};
/* End PBXGroup section */

/* Begin PBXNativeTarget section */
		DA2CA4E11F053D4B0050F850 /* RecordingAudio */ = {
			isa = PBXNativeTarget;
			buildConfigurationList = DA2CA4F41F053D4C0050F850 /* Build configuration list for PBXNativeTarget "RecordingAudio" */;
			buildPhases = (
				DA2CA4DE1F053D4B0050F850 /* Sources */,
				DA2CA4DF1F053D4B0050F850 /* Frameworks */,
				DA2CA4E01F053D4B0050F850 /* Resources */,
			);
			buildRules = (
			);
			dependencies = (
			);
			name = RecordingAudio;
			productName = RecordingAudio;
			productReference = DA2CA4E21F053D4B0050F850 /* RecordingAudio.app */;
			productType = "com.apple.product-type.application";
		};
/* End PBXNativeTarget section */

/* Begin PBXProject section */
		DA2CA4DA1F053D4B0050F850 /* Project object */ = {
			isa = PBXProject;
			attributes = {
				LastSwiftUpdateCheck = 0830;
				LastUpgradeCheck = 0830;
				ORGANIZATIONNAME = BestOfTheBest;
				TargetAttributes = {
					DA2CA4E11F053D4B0050F850 = {
						CreatedOnToolsVersion = 8.3;
						DevelopmentTeam = AY2FQKX6M3;
						ProvisioningStyle = Automatic;
						SystemCapabilities = {
							com.apple.InterAppAudio = {
								enabled = 1;
							};
						};
					};
				};
			};
			buildConfigurationList = DA2CA4DD1F053D4B0050F850 /* Build configuration list for PBXProject "RecordingAudio" */;
			compatibilityVersion = "Xcode 3.2";
			developmentRegion = English;
			hasScannedForEncodings = 0;
			knownRegions = (
				en,
				Base,
			);
			mainGroup = DA2CA4D91F053D4B0050F850;
			productRefGroup = DA2CA4E31F053D4B0050F850 /* Products */;
			projectDirPath = "";
			projectRoot = "";
			targets = (
				DA2CA4E11F053D4B0050F850 /* RecordingAudio */,
			);
		};
/* End PBXProject section */

/* Begin PBXResourcesBuildPhase section */
		DA2CA4E01F053D4B0050F850 /* Resources */ = {
			isa = PBXResourcesBuildPhase;
			buildActionMask = 2147483647;
			files = (
				DA2CA4F01F053D4C0050F850 /* LaunchScreen.storyboard in Resources */,
				DA2CA4ED1F053D4C0050F850 /* Assets.xcassets in Resources */,
				DA2CA4EB1F053D4B0050F850 /* Main.storyboard in Resources */,
			);
			runOnlyForDeploymentPostprocessing = 0;
		};
/* End PBXResourcesBuildPhase section */

/* Begin PBXSourcesBuildPhase section */
		DA2CA4DE1F053D4B0050F850 /* Sources */ = {
			isa = PBXSourcesBuildPhase;
			buildActionMask = 2147483647;
			files = (
				DA2CA4E81F053D4B0050F850 /* ViewController.swift in Sources */,
				DA2CA4F81F053DB50050F850 /* RecorderManager.swift in Sources */,
				DA2CA4E61F053D4B0050F850 /* AppDelegate.swift in Sources */,
			);
			runOnlyForDeploymentPostprocessing = 0;
		};
/* End PBXSourcesBuildPhase section */

/* Begin PBXVariantGroup section */
		DA2CA4E91F053D4B0050F850 /* Main.storyboard */ = {
			isa = PBXVariantGroup;
			children = (
				DA2CA4EA1F053D4B0050F850 /* Base */,
			);
			name = Main.storyboard;
			sourceTree = "<group>";
		};
		DA2CA4EE1F053D4C0050F850 /* LaunchScreen.storyboard */ = {
			isa = PBXVariantGroup;
			children = (
				DA2CA4EF1F053D4C0050F850 /* Base */,
			);
			name = LaunchScreen.storyboard;
			sourceTree = "<group>";
		};
/* End PBXVariantGroup section */

/* Begin XCBuildConfiguration section */
		DA2CA4F21F053D4C0050F850 /* Debug */ = {
			isa = XCBuildConfiguration;
			buildSettings = {
				ALWAYS_SEARCH_USER_PATHS = NO;
				CLANG_ANALYZER_NONNULL = YES;
				CLANG_ANALYZER_NUMBER_OBJECT_CONVERSION = YES_AGGRESSIVE;
				CLANG_CXX_LANGUAGE_STANDARD = "gnu++0x";
				CLANG_CXX_LIBRARY = "libc++";
				CLANG_ENABLE_MODULES = YES;
				CLANG_ENABLE_OBJC_ARC = YES;
				CLANG_WARN_BOOL_CONVERSION = YES;
				CLANG_WARN_CONSTANT_CONVERSION = YES;
				CLANG_WARN_DIRECT_OBJC_ISA_USAGE = YES_ERROR;
				CLANG_WARN_DOCUMENTATION_COMMENTS = YES;
				CLANG_WARN_EMPTY_BODY = YES;
				CLANG_WARN_ENUM_CONVERSION = YES;
				CLANG_WARN_INFINITE_RECURSION = YES;
				CLANG_WARN_INT_CONVERSION = YES;
				CLANG_WARN_OBJC_ROOT_CLASS = YES_ERROR;
				CLANG_WARN_SUSPICIOUS_MOVE = YES;
				CLANG_WARN_UNREACHABLE_CODE = YES;
				CLANG_WARN__DUPLICATE_METHOD_MATCH = YES;
				"CODE_SIGN_IDENTITY[sdk=iphoneos*]" = "iPhone Developer";
				COPY_PHASE_STRIP = NO;
				DEBUG_INFORMATION_FORMAT = dwarf;
				ENABLE_STRICT_OBJC_MSGSEND = YES;
				ENABLE_TESTABILITY = YES;
				GCC_C_LANGUAGE_STANDARD = gnu99;
				GCC_DYNAMIC_NO_PIC = NO;
				GCC_NO_COMMON_BLOCKS = YES;
				GCC_OPTIMIZATION_LEVEL = 0;
				GCC_PREPROCESSOR_DEFINITIONS = (
					"DEBUG=1",
					"$(inherited)",
				);
				GCC_WARN_64_TO_32_BIT_CONVERSION = YES;
				GCC_WARN_ABOUT_RETURN_TYPE = YES_ERROR;
				GCC_WARN_UNDECLARED_SELECTOR = YES;
				GCC_WARN_UNINITIALIZED_AUTOS = YES_AGGRESSIVE;
				GCC_WARN_UNUSED_FUNCTION = YES;
				GCC_WARN_UNUSED_VARIABLE = YES;
				IPHONEOS_DEPLOYMENT_TARGET = 10.0;
				MTL_ENABLE_DEBUG_INFO = YES;
				ONLY_ACTIVE_ARCH = YES;
				SDKROOT = iphoneos;
				SWIFT_ACTIVE_COMPILATION_CONDITIONS = DEBUG;
				SWIFT_OPTIMIZATION_LEVEL = "-Onone";
			};
			name = Debug;
		};
		DA2CA4F31F053D4C0050F850 /* Release */ = {
			isa = XCBuildConfiguration;
			buildSettings = {
				ALWAYS_SEARCH_USER_PATHS = NO;
				CLANG_ANALYZER_NONNULL = YES;
				CLANG_ANALYZER_NUMBER_OBJECT_CONVERSION = YES_AGGRESSIVE;
				CLANG_CXX_LANGUAGE_STANDARD = "gnu++0x";
				CLANG_CXX_LIBRARY = "libc++";
				CLANG_ENABLE_MODULES = YES;
				CLANG_ENABLE_OBJC_ARC = YES;
				CLANG_WARN_BOOL_CONVERSION = YES;
				CLANG_WARN_CONSTANT_CONVERSION = YES;
				CLANG_WARN_DIRECT_OBJC_ISA_USAGE = YES_ERROR;
				CLANG_WARN_DOCUMENTATION_COMMENTS = YES;
				CLANG_WARN_EMPTY_BODY = YES;
				CLANG_WARN_ENUM_CONVERSION = YES;
				CLANG_WARN_INFINITE_RECURSION = YES;
				CLANG_WARN_INT_CONVERSION = YES;
				CLANG_WARN_OBJC_ROOT_CLASS = YES_ERROR;
				CLANG_WARN_SUSPICIOUS_MOVE = YES;
				CLANG_WARN_UNREACHABLE_CODE = YES;
				CLANG_WARN__DUPLICATE_METHOD_MATCH = YES;
				"CODE_SIGN_IDENTITY[sdk=iphoneos*]" = "iPhone Developer";
				COPY_PHASE_STRIP = NO;
				DEBUG_INFORMATION_FORMAT = "dwarf-with-dsym";
				ENABLE_NS_ASSERTIONS = NO;
				ENABLE_STRICT_OBJC_MSGSEND = YES;
				GCC_C_LANGUAGE_STANDARD = gnu99;
				GCC_NO_COMMON_BLOCKS = YES;
				GCC_WARN_64_TO_32_BIT_CONVERSION = YES;
				GCC_WARN_ABOUT_RETURN_TYPE = YES_ERROR;
				GCC_WARN_UNDECLARED_SELECTOR = YES;
				GCC_WARN_UNINITIALIZED_AUTOS = YES_AGGRESSIVE;
				GCC_WARN_UNUSED_FUNCTION = YES;
				GCC_WARN_UNUSED_VARIABLE = YES;
				IPHONEOS_DEPLOYMENT_TARGET = 10.0;
				MTL_ENABLE_DEBUG_INFO = NO;
				SDKROOT = iphoneos;
				SWIFT_OPTIMIZATION_LEVEL = "-Owholemodule";
				VALIDATE_PRODUCT = YES;
			};
			name = Release;
		};
		DA2CA4F51F053D4C0050F850 /* Debug */ = {
			isa = XCBuildConfiguration;
			buildSettings = {
				ASSETCATALOG_COMPILER_APPICON_NAME = AppIcon;
				CODE_SIGN_ENTITLEMENTS = RecordingAudio/RecordingAudio.entitlements;
				DEVELOPMENT_TEAM = AY2FQKX6M3;
				INFOPLIST_FILE = RecordingAudio/Info.plist;
				LD_RUNPATH_SEARCH_PATHS = "$(inherited) @executable_path/Frameworks";
				PRODUCT_BUNDLE_IDENTIFIER = BestOfTheBest.RecordingAudio;
				PRODUCT_NAME = "$(TARGET_NAME)";
				SWIFT_VERSION = 3.0;
			};
			name = Debug;
		};
		DA2CA4F61F053D4C0050F850 /* Release */ = {
			isa = XCBuildConfiguration;
			buildSettings = {
				ASSETCATALOG_COMPILER_APPICON_NAME = AppIcon;
				CODE_SIGN_ENTITLEMENTS = RecordingAudio/RecordingAudio.entitlements;
				DEVELOPMENT_TEAM = AY2FQKX6M3;
				INFOPLIST_FILE = RecordingAudio/Info.plist;
				LD_RUNPATH_SEARCH_PATHS = "$(inherited) @executable_path/Frameworks";
				PRODUCT_BUNDLE_IDENTIFIER = BestOfTheBest.RecordingAudio;
				PRODUCT_NAME = "$(TARGET_NAME)";
				SWIFT_VERSION = 3.0;
			};
			name = Release;
		};
/* End XCBuildConfiguration section */

/* Begin XCConfigurationList section */
		DA2CA4DD1F053D4B0050F850 /* Build configuration list for PBXProject "RecordingAudio" */ = {
			isa = XCConfigurationList;
			buildConfigurations = (
				DA2CA4F21F053D4C0050F850 /* Debug */,
				DA2CA4F31F053D4C0050F850 /* Release */,
			);
			defaultConfigurationIsVisible = 0;
			defaultConfigurationName = Release;
		};
		DA2CA4F41F053D4C0050F850 /* Build configuration list for PBXNativeTarget "RecordingAudio" */ = {
			isa = XCConfigurationList;
			buildConfigurations = (
				DA2CA4F51F053D4C0050F850 /* Debug */,
				DA2CA4F61F053D4C0050F850 /* Release */,
			);
			defaultConfigurationIsVisible = 0;
		};
/* End XCConfigurationList section */
	};
	rootObject = DA2CA4DA1F053D4B0050F850 /* Project object */;
}
